speakeasyVersion: 1.606.0
sources:
    -OAS:
        sourceNamespace: midday-api
        sourceRevisionDigest: sha256:f914bc30ad4ad47a5888b409e12b3dde9ccf093bf10ea24be3416a97ab950e4e
        sourceBlobDigest: sha256:e4822e044b4565fa816fe6cdd727bc82ccbac8008057a1da0e440106d8c3a87a
        tags:
            - latest
            - speakeasy-sdk-regen-1749686653
targets:
    midday:
        source: -OAS
        sourceNamespace: midday-api
        sourceRevisionDigest: sha256:f914bc30ad4ad47a5888b409e12b3dde9ccf093bf10ea24be3416a97ab950e4e
        sourceBlobDigest: sha256:e4822e044b4565fa816fe6cdd727bc82ccbac8008057a1da0e440106d8c3a87a
workflow:
    workflowVersion: 1.0.0
    speakeasyVersion: latest
    sources:
        -OAS:
            inputs:
                - location: registry.speakeasyapi.dev/midday/midday/midday-api:main
            registry:
                location: registry.speakeasyapi.dev/midday/midday/-oas
    targets:
        midday:
            target: php
            source: -OAS
            publish:
                packagist:
                    username: $packagist_username
                    token: $packagist_token
            codeSamples:
                registry:
                    location: registry.speakeasyapi.dev/midday/midday/-oas-php-code-samples
                labelOverride:
                    fixedValue: Php (SDK)
                blocking: false
