speakeasyVersion: 1.622.1
sources:
    -OAS:
        sourceNamespace: midday-api
        sourceRevisionDigest: sha256:ec0531072e6255230022481a20681d2e2807aa4790d88a9e6cc7955b40428800
        sourceBlobDigest: sha256:7d8c1d820eeeca2a44fc889957658e75e71f8a880eddc9492eec72df160c794f
        tags:
            - latest
            - speakeasy-sdk-regen-1756857853
targets:
    midday:
        source: -OAS
        sourceNamespace: midday-api
        sourceRevisionDigest: sha256:ec0531072e6255230022481a20681d2e2807aa4790d88a9e6cc7955b40428800
        sourceBlobDigest: sha256:7d8c1d820eeeca2a44fc889957658e75e71f8a880eddc9492eec72df160c794f
workflow:
    workflowVersion: 1.0.0
    speakeasyVersion: latest
    sources:
        -OAS:
            inputs:
                - location: registry.speakeasyapi.dev/midday/midday/midday-api:main
            registry:
                location: registry.speakeasyapi.dev/midday/midday/-oas
    targets:
        midday:
            target: php
            source: -OAS
            publish:
                packagist:
                    username: $packagist_username
                    token: $packagist_token
            codeSamples:
                registry:
                    location: registry.speakeasyapi.dev/midday/midday/-oas-php-code-samples
                labelOverride:
                    fixedValue: Php (SDK)
                blocking: false
