speakeasyVersion: 1.581.0
sources:
    -OAS:
        sourceNamespace: midday-api
        sourceRevisionDigest: sha256:143d899a0b22710071c20ce4f31d9ffa0e4fb203803ad1f8ccca84bf05eb795d
        sourceBlobDigest: sha256:3b760a95ca61ac2eeaa2a16eef15bc64e0ee5af8f94e7f8041afa1d5a537f3d4
        tags:
            - latest
            - speakeasy-sdk-regen-1749686653
targets:
    midday:
        source: -OAS
        sourceNamespace: midday-api
        sourceRevisionDigest: sha256:143d899a0b22710071c20ce4f31d9ffa0e4fb203803ad1f8ccca84bf05eb795d
        sourceBlobDigest: sha256:3b760a95ca61ac2eeaa2a16eef15bc64e0ee5af8f94e7f8041afa1d5a537f3d4
workflow:
    workflowVersion: 1.0.0
    speakeasyVersion: latest
    sources:
        -OAS:
            inputs:
                - location: registry.speakeasyapi.dev/midday/midday/midday-api:main
            registry:
                location: registry.speakeasyapi.dev/midday/midday/-oas
    targets:
        midday:
            target: php
            source: -OAS
            publish:
                packagist:
                    username: $packagist_username
                    token: $packagist_token
            codeSamples:
                registry:
                    location: registry.speakeasyapi.dev/midday/midday/-oas-php-code-samples
                labelOverride:
                    fixedValue: Php (SDK)
                blocking: false
